{
  "name": "cpinfo2022-site",
  "version": "1.0.0",
  "lockfileVersion": 2,
  "requires": true,
  "packages": {
    "": {
      "name": "cpinfo2022-site",
      "version": "1.0.0",
      "license": "ISC",
      "devDependencies": {
        "@windicss/plugin-icons": "^1.0.2",
        "windicss": "^3.5.6"
      }
    },
    "node_modules/@windicss/plugin-icons": {
      "version": "1.0.2",
      "resolved": "https://registry.npmjs.org/@windicss/plugin-icons/-/plugin-icons-1.0.2.tgz",
      "integrity": "sha512-PN6+y9TwEFQn+x6hmCUbCH2YzCfLyImcgQZQQAZ3kCZvqvZDyfKgS9TuhHY1Y0vp12lO6ULFUWpH6YIVGOPM6A==",
      "dev": true
    },
    "node_modules/windicss": {
      "version": "3.5.6",
      "resolved": "https://registry.npmjs.org/windicss/-/windicss-3.5.6.tgz",
      "integrity": "sha512-P1mzPEjgFMZLX0ZqfFht4fhV/FX8DTG7ERG1fBLiWvd34pTLVReS5CVsewKn9PApSgXnVfPWwvq+qUsRwpnwFA==",
      "dev": true,
      "bin": {
        "windicss": "cli/index.js"
      },
      "engines": {
        "node": ">= 12"
      }
    }
  },
  "dependencies": {
    "@windicss/plugin-icons": {
      "version": "1.0.2",
      "resolved": "https://registry.npmjs.org/@windicss/plugin-icons/-/plugin-icons-1.0.2.tgz",
      "integrity": "sha512-PN6+y9TwEFQn+x6hmCUbCH2YzCfLyImcgQZQQAZ3kCZvqvZDyfKgS9TuhHY1Y0vp12lO6ULFUWpH6YIVGOPM6A==",
      "dev": true
    },
    "windicss": {
      "version": "3.5.6",
      "resolved": "https://registry.npmjs.org/windicss/-/windicss-3.5.6.tgz",
      "integrity": "sha512-P1mzPEjgFMZLX0ZqfFht4fhV/FX8DTG7ERG1fBLiWvd34pTLVReS5CVsewKn9PApSgXnVfPWwvq+qUsRwpnwFA==",
      "dev": true
    }
  }
}
